
Microsoft Visual Studio Solution File, Format Version 12.00
# Visual Studio Version 17
VisualStudioVersion = 17.3.32929.385
MinimumVisualStudioVersion = 10.0.40219.1
Project("{FAE04EC0-301F-11D3-BF4B-00C04F79EFBC}") = "WpfHelloWorld", "WpfHelloWorld\WpfHelloWorld.csproj", "{C6500A78-EEC9-4639-B6A8-8E4742B38F3A}"
EndProject
Global
	GlobalSection(SolutionConfigurationPlatforms) = preSolution
		Debug|Any CPU = Debug|Any CPU
		Release|Any CPU = Release|Any CPU
	EndGlobalSection
	GlobalSection(ProjectConfigurationPlatforms) = postSolution
		{C6500A78-EEC9-4639-B6A8-8E4742B38F3A}.Debug|Any CPU.ActiveCfg = Debug|Any CPU
		{C6500A78-EEC9-4639-B6A8-8E4742B38F3A}.Debug|Any CPU.Build.0 = Debug|Any CPU
		{C6500A78-EEC9-4639-B6A8-8E4742B38F3A}.Release|Any CPU.ActiveCfg = Release|Any CPU
		{C6500A78-EEC9-4639-B6A8-8E4742B38F3A}.Release|Any CPU.Build.0 = Release|Any CPU
	EndGlobalSection
	GlobalSection(SolutionProperties) = preSolution
		HideSolutionNode = FALSE
	EndGlobalSection
	GlobalSection(ExtensibilityGlobals) = postSolution
		SolutionGuid = {B15AF893-4E9A-47A8-A42C-314279573401}
	EndGlobalSection
EndGlobal
